
Microsoft Visual Studio Solution File, Format Version 12.00
# Visual Studio 15
VisualStudioVersion = 15.0.27428.1
MinimumVisualStudioVersion = 10.0.40219.1
Project("{2150E333-8FDC-42A3-9474-1A3956D46DE8}") = "gRPC", "gRPC", "{B9B28447-2E6B-4FB2-8754-93E2BF9B105C}"
EndProject
Project("{9A19103F-16F7-4668-BE54-9A1E7A4F7556}") = "gRPCClient", "gRPC\gRPCClient\gRPCClient.csproj", "{3C233E02-C155-4A0A-8BFC-2F5886FE77E1}"
EndProject
Project("{9A19103F-16F7-4668-BE54-9A1E7A4F7556}") = "gRPCDemo", "gRPC\gRPCDemo\gRPCDemo.csproj", "{F34CB745-A633-4024-B3C5-345239C8129B}"
EndProject
Project("{9A19103F-16F7-4668-BE54-9A1E7A4F7556}") = "gRPCServer", "gRPC\gRPCServer\gRPCServer.csproj", "{599CD327-A74A-4001-9019-ABDFFB972D0B}"
EndProject
Project("{2150E333-8FDC-42A3-9474-1A3956D46DE8}") = "rMQ", "rMQ", "{104D6E92-2049-418A-972E-3FDE0E3511DB}"
EndProject
Project("{2150E333-8FDC-42A3-9474-1A3956D46DE8}") = "1.HelloWord", "1.HelloWord", "{9DF69C6B-A26E-4D1B-B2C6-87A630B1A932}"
EndProject
Project("{9A19103F-16F7-4668-BE54-9A1E7A4F7556}") = "Send", "rMQ\HelloWord\Send\Send.csproj", "{5E2AEFC6-5646-48E7-8EB4-5FAC79D5F980}"
EndProject
Project("{9A19103F-16F7-4668-BE54-9A1E7A4F7556}") = "Recieve", "rMQ\HelloWord\Recieve\Recieve.csproj", "{71827E69-CCFF-4112-A577-99ED31C73DF5}"
EndProject
Project("{2150E333-8FDC-42A3-9474-1A3956D46DE8}") = "2.WorkQueues", "2.WorkQueues", "{3D982E7B-7DB3-4A24-89C5-BED19FEC3BE2}"
EndProject
Project("{9A19103F-16F7-4668-BE54-9A1E7A4F7556}") = "NewTask", "rMQ\WorkQueues\NewTask\NewTask.csproj", "{C0D99413-E8B7-4323-BD53-E3621FC0FC20}"
EndProject
Project("{9A19103F-16F7-4668-BE54-9A1E7A4F7556}") = "Worker", "rMQ\WorkQueues\Worker\Worker.csproj", "{3A27B566-CE42-4587-B520-32FD9ECA7682}"
EndProject
Project("{2150E333-8FDC-42A3-9474-1A3956D46DE8}") = "3.PubSub", "3.PubSub", "{DA28851C-AB8F-4E2C-83BF-FC808686E279}"
EndProject
Project("{9A19103F-16F7-4668-BE54-9A1E7A4F7556}") = "ExchangePub", "rMQ\PubSub\ExchangePub\ExchangePub.csproj", "{87A667CB-12D3-4286-A84A-F0829CD56F40}"
EndProject
Project("{9A19103F-16F7-4668-BE54-9A1E7A4F7556}") = "ExchangeSub", "rMQ\PubSub\ExchangeSub\ExchangeSub.csproj", "{66DCE9CC-6312-47A3-9ED1-2D4337E28D52}"
EndProject
Project("{2150E333-8FDC-42A3-9474-1A3956D46DE8}") = "4.Routing", "4.Routing", "{481C4FE6-8ACC-4A48-9911-DBD07F0B6448}"
EndProject
Project("{9A19103F-16F7-4668-BE54-9A1E7A4F7556}") = "Sender", "rMQ\Routing\Sender\Sender.csproj", "{5A18C4D2-A356-4BD0-A142-C3BB54D45717}"
EndProject
Project("{9A19103F-16F7-4668-BE54-9A1E7A4F7556}") = "Receive", "rMQ\Routing\Receive\Receive.csproj", "{95FED037-1549-49F0-99AF-3218201B4C17}"
EndProject
Project("{2150E333-8FDC-42A3-9474-1A3956D46DE8}") = "exceptionLess", "exceptionLess", "{FA479D5D-245B-4BBB-AA66-C7560DF88EDF}"
EndProject
Project("{FAE04EC0-301F-11D3-BF4B-00C04F79EFBC}") = "WebApp", "exceptionLess\WebApp\WebApp.csproj", "{0D3145A2-C5C3-43DD-A41F-DE23ED1E5A42}"
EndProject
Global
	GlobalSection(SolutionConfigurationPlatforms) = preSolution
		Debug|Any CPU = Debug|Any CPU
		Release|Any CPU = Release|Any CPU
	EndGlobalSection
	GlobalSection(ProjectConfigurationPlatforms) = postSolution
		{3C233E02-C155-4A0A-8BFC-2F5886FE77E1}.Debug|Any CPU.ActiveCfg = Debug|Any CPU
		{3C233E02-C155-4A0A-8BFC-2F5886FE77E1}.Debug|Any CPU.Build.0 = Debug|Any CPU
		{3C233E02-C155-4A0A-8BFC-2F5886FE77E1}.Release|Any CPU.ActiveCfg = Release|Any CPU
		{3C233E02-C155-4A0A-8BFC-2F5886FE77E1}.Release|Any CPU.Build.0 = Release|Any CPU
		{F34CB745-A633-4024-B3C5-345239C8129B}.Debug|Any CPU.ActiveCfg = Debug|Any CPU
		{F34CB745-A633-4024-B3C5-345239C8129B}.Debug|Any CPU.Build.0 = Debug|Any CPU
		{F34CB745-A633-4024-B3C5-345239C8129B}.Release|Any CPU.ActiveCfg = Release|Any CPU
		{F34CB745-A633-4024-B3C5-345239C8129B}.Release|Any CPU.Build.0 = Release|Any CPU
		{599CD327-A74A-4001-9019-ABDFFB972D0B}.Debug|Any CPU.ActiveCfg = Debug|Any CPU
		{599CD327-A74A-4001-9019-ABDFFB972D0B}.Debug|Any CPU.Build.0 = Debug|Any CPU
		{599CD327-A74A-4001-9019-ABDFFB972D0B}.Release|Any CPU.ActiveCfg = Release|Any CPU
		{599CD327-A74A-4001-9019-ABDFFB972D0B}.Release|Any CPU.Build.0 = Release|Any CPU
		{5E2AEFC6-5646-48E7-8EB4-5FAC79D5F980}.Debug|Any CPU.ActiveCfg = Debug|Any CPU
		{5E2AEFC6-5646-48E7-8EB4-5FAC79D5F980}.Debug|Any CPU.Build.0 = Debug|Any CPU
		{5E2AEFC6-5646-48E7-8EB4-5FAC79D5F980}.Release|Any CPU.ActiveCfg = Release|Any CPU
		{5E2AEFC6-5646-48E7-8EB4-5FAC79D5F980}.Release|Any CPU.Build.0 = Release|Any CPU
		{71827E69-CCFF-4112-A577-99ED31C73DF5}.Debug|Any CPU.ActiveCfg = Debug|Any CPU
		{71827E69-CCFF-4112-A577-99ED31C73DF5}.Debug|Any CPU.Build.0 = Debug|Any CPU
		{71827E69-CCFF-4112-A577-99ED31C73DF5}.Release|Any CPU.ActiveCfg = Release|Any CPU
		{71827E69-CCFF-4112-A577-99ED31C73DF5}.Release|Any CPU.Build.0 = Release|Any CPU
		{C0D99413-E8B7-4323-BD53-E3621FC0FC20}.Debug|Any CPU.ActiveCfg = Debug|Any CPU
		{C0D99413-E8B7-4323-BD53-E3621FC0FC20}.Debug|Any CPU.Build.0 = Debug|Any CPU
		{C0D99413-E8B7-4323-BD53-E3621FC0FC20}.Release|Any CPU.ActiveCfg = Release|Any CPU
		{C0D99413-E8B7-4323-BD53-E3621FC0FC20}.Release|Any CPU.Build.0 = Release|Any CPU
		{3A27B566-CE42-4587-B520-32FD9ECA7682}.Debug|Any CPU.ActiveCfg = Debug|Any CPU
		{3A27B566-CE42-4587-B520-32FD9ECA7682}.Debug|Any CPU.Build.0 = Debug|Any CPU
		{3A27B566-CE42-4587-B520-32FD9ECA7682}.Release|Any CPU.ActiveCfg = Release|Any CPU
		{3A27B566-CE42-4587-B520-32FD9ECA7682}.Release|Any CPU.Build.0 = Release|Any CPU
		{87A667CB-12D3-4286-A84A-F0829CD56F40}.Debug|Any CPU.ActiveCfg = Debug|Any CPU
		{87A667CB-12D3-4286-A84A-F0829CD56F40}.Debug|Any CPU.Build.0 = Debug|Any CPU
		{87A667CB-12D3-4286-A84A-F0829CD56F40}.Release|Any CPU.ActiveCfg = Release|Any CPU
		{87A667CB-12D3-4286-A84A-F0829CD56F40}.Release|Any CPU.Build.0 = Release|Any CPU
		{66DCE9CC-6312-47A3-9ED1-2D4337E28D52}.Debug|Any CPU.ActiveCfg = Debug|Any CPU
		{66DCE9CC-6312-47A3-9ED1-2D4337E28D52}.Debug|Any CPU.Build.0 = Debug|Any CPU
		{66DCE9CC-6312-47A3-9ED1-2D4337E28D52}.Release|Any CPU.ActiveCfg = Release|Any CPU
		{66DCE9CC-6312-47A3-9ED1-2D4337E28D52}.Release|Any CPU.Build.0 = Release|Any CPU
		{5A18C4D2-A356-4BD0-A142-C3BB54D45717}.Debug|Any CPU.ActiveCfg = Debug|Any CPU
		{5A18C4D2-A356-4BD0-A142-C3BB54D45717}.Debug|Any CPU.Build.0 = Debug|Any CPU
		{5A18C4D2-A356-4BD0-A142-C3BB54D45717}.Release|Any CPU.ActiveCfg = Release|Any CPU
		{5A18C4D2-A356-4BD0-A142-C3BB54D45717}.Release|Any CPU.Build.0 = Release|Any CPU
		{95FED037-1549-49F0-99AF-3218201B4C17}.Debug|Any CPU.ActiveCfg = Debug|Any CPU
		{95FED037-1549-49F0-99AF-3218201B4C17}.Debug|Any CPU.Build.0 = Debug|Any CPU
		{95FED037-1549-49F0-99AF-3218201B4C17}.Release|Any CPU.ActiveCfg = Release|Any CPU
		{95FED037-1549-49F0-99AF-3218201B4C17}.Release|Any CPU.Build.0 = Release|Any CPU
		{0D3145A2-C5C3-43DD-A41F-DE23ED1E5A42}.Debug|Any CPU.ActiveCfg = Debug|Any CPU
		{0D3145A2-C5C3-43DD-A41F-DE23ED1E5A42}.Debug|Any CPU.Build.0 = Debug|Any CPU
		{0D3145A2-C5C3-43DD-A41F-DE23ED1E5A42}.Release|Any CPU.ActiveCfg = Release|Any CPU
		{0D3145A2-C5C3-43DD-A41F-DE23ED1E5A42}.Release|Any CPU.Build.0 = Release|Any CPU
	EndGlobalSection
	GlobalSection(SolutionProperties) = preSolution
		HideSolutionNode = FALSE
	EndGlobalSection
	GlobalSection(NestedProjects) = preSolution
		{3C233E02-C155-4A0A-8BFC-2F5886FE77E1} = {B9B28447-2E6B-4FB2-8754-93E2BF9B105C}
		{F34CB745-A633-4024-B3C5-345239C8129B} = {B9B28447-2E6B-4FB2-8754-93E2BF9B105C}
		{599CD327-A74A-4001-9019-ABDFFB972D0B} = {B9B28447-2E6B-4FB2-8754-93E2BF9B105C}
		{9DF69C6B-A26E-4D1B-B2C6-87A630B1A932} = {104D6E92-2049-418A-972E-3FDE0E3511DB}
		{5E2AEFC6-5646-48E7-8EB4-5FAC79D5F980} = {9DF69C6B-A26E-4D1B-B2C6-87A630B1A932}
		{71827E69-CCFF-4112-A577-99ED31C73DF5} = {9DF69C6B-A26E-4D1B-B2C6-87A630B1A932}
		{3D982E7B-7DB3-4A24-89C5-BED19FEC3BE2} = {104D6E92-2049-418A-972E-3FDE0E3511DB}
		{C0D99413-E8B7-4323-BD53-E3621FC0FC20} = {3D982E7B-7DB3-4A24-89C5-BED19FEC3BE2}
		{3A27B566-CE42-4587-B520-32FD9ECA7682} = {3D982E7B-7DB3-4A24-89C5-BED19FEC3BE2}
		{DA28851C-AB8F-4E2C-83BF-FC808686E279} = {104D6E92-2049-418A-972E-3FDE0E3511DB}
		{87A667CB-12D3-4286-A84A-F0829CD56F40} = {DA28851C-AB8F-4E2C-83BF-FC808686E279}
		{66DCE9CC-6312-47A3-9ED1-2D4337E28D52} = {DA28851C-AB8F-4E2C-83BF-FC808686E279}
		{481C4FE6-8ACC-4A48-9911-DBD07F0B6448} = {104D6E92-2049-418A-972E-3FDE0E3511DB}
		{5A18C4D2-A356-4BD0-A142-C3BB54D45717} = {481C4FE6-8ACC-4A48-9911-DBD07F0B6448}
		{95FED037-1549-49F0-99AF-3218201B4C17} = {481C4FE6-8ACC-4A48-9911-DBD07F0B6448}
		{0D3145A2-C5C3-43DD-A41F-DE23ED1E5A42} = {FA479D5D-245B-4BBB-AA66-C7560DF88EDF}
	EndGlobalSection
	GlobalSection(ExtensibilityGlobals) = postSolution
		SolutionGuid = {01655DD3-7179-49E6-8FF1-8FC271288800}
	EndGlobalSection
EndGlobal
